
Microsoft Visual Studio Solution File, Format Version 12.00
# Visual Studio Version 16
VisualStudioVersion = 16.0.29009.5
MinimumVisualStudioVersion = 10.0.40219.1
Project("{FAE04EC0-301F-11D3-BF4B-00C04F79EFBC}") = "FactoryMethod", "FactoryMethod.csproj", "{D4307BCE-B632-479B-B432-E80808985D46}"
EndProject
Project("{FAE04EC0-301F-11D3-BF4B-00C04F79EFBC}") = "Builder", "Builder\Builder.csproj", "{F37C254F-F334-4280-BFE3-4C9156366068}"
EndProject
Project("{FAE04EC0-301F-11D3-BF4B-00C04F79EFBC}") = "Singleton_ThreadSafe", "Singleton_ThreadSafe\Singleton_ThreadSafe.csproj", "{F17573E0-ED7E-4DA9-8635-31793282FCCC}"
EndProject
Project("{FAE04EC0-301F-11D3-BF4B-00C04F79EFBC}") = "Singleton", "Singleton\Singleton.csproj", "{1EA44163-DA76-480B-A99A-14B5CA3CBE92}"
EndProject
Project("{FAE04EC0-301F-11D3-BF4B-00C04F79EFBC}") = "Prototype", "Prototype\Prototype.csproj", "{8655889E-7878-4C38-B7C7-FFA1D6E2C34F}"
EndProject
Project("{FAE04EC0-301F-11D3-BF4B-00C04F79EFBC}") = "Bridge", "Bridge\Bridge.csproj", "{050CE756-BF02-4C5C-9CC3-EFC90B6121C1}"
EndProject
Project("{FAE04EC0-301F-11D3-BF4B-00C04F79EFBC}") = "Adapter", "Adapter\Adapter.csproj", "{DCEFD51A-84A0-495E-AEBA-0DAA1EA58257}"
EndProject
Project("{FAE04EC0-301F-11D3-BF4B-00C04F79EFBC}") = "Composite", "..\Composite\Composite.csproj", "{860D650C-5779-407B-8D8F-132C83B5C5D1}"
EndProject
Global
	GlobalSection(SolutionConfigurationPlatforms) = preSolution
		Debug|Any CPU = Debug|Any CPU
		Debug|x64 = Debug|x64
		Debug|x86 = Debug|x86
		Release|Any CPU = Release|Any CPU
		Release|x64 = Release|x64
		Release|x86 = Release|x86
	EndGlobalSection
	GlobalSection(ProjectConfigurationPlatforms) = postSolution
		{D4307BCE-B632-479B-B432-E80808985D46}.Debug|Any CPU.ActiveCfg = Debug|Any CPU
		{D4307BCE-B632-479B-B432-E80808985D46}.Debug|Any CPU.Build.0 = Debug|Any CPU
		{D4307BCE-B632-479B-B432-E80808985D46}.Debug|x64.ActiveCfg = Debug|Any CPU
		{D4307BCE-B632-479B-B432-E80808985D46}.Debug|x64.Build.0 = Debug|Any CPU
		{D4307BCE-B632-479B-B432-E80808985D46}.Debug|x86.ActiveCfg = Debug|Any CPU
		{D4307BCE-B632-479B-B432-E80808985D46}.Debug|x86.Build.0 = Debug|Any CPU
		{D4307BCE-B632-479B-B432-E80808985D46}.Release|Any CPU.ActiveCfg = Release|Any CPU
		{D4307BCE-B632-479B-B432-E80808985D46}.Release|Any CPU.Build.0 = Release|Any CPU
		{D4307BCE-B632-479B-B432-E80808985D46}.Release|x64.ActiveCfg = Release|Any CPU
		{D4307BCE-B632-479B-B432-E80808985D46}.Release|x64.Build.0 = Release|Any CPU
		{D4307BCE-B632-479B-B432-E80808985D46}.Release|x86.ActiveCfg = Release|Any CPU
		{D4307BCE-B632-479B-B432-E80808985D46}.Release|x86.Build.0 = Release|Any CPU
		{F37C254F-F334-4280-BFE3-4C9156366068}.Debug|Any CPU.ActiveCfg = Debug|Any CPU
		{F37C254F-F334-4280-BFE3-4C9156366068}.Debug|Any CPU.Build.0 = Debug|Any CPU
		{F37C254F-F334-4280-BFE3-4C9156366068}.Debug|x64.ActiveCfg = Debug|Any CPU
		{F37C254F-F334-4280-BFE3-4C9156366068}.Debug|x64.Build.0 = Debug|Any CPU
		{F37C254F-F334-4280-BFE3-4C9156366068}.Debug|x86.ActiveCfg = Debug|Any CPU
		{F37C254F-F334-4280-BFE3-4C9156366068}.Debug|x86.Build.0 = Debug|Any CPU
		{F37C254F-F334-4280-BFE3-4C9156366068}.Release|Any CPU.ActiveCfg = Release|Any CPU
		{F37C254F-F334-4280-BFE3-4C9156366068}.Release|Any CPU.Build.0 = Release|Any CPU
		{F37C254F-F334-4280-BFE3-4C9156366068}.Release|x64.ActiveCfg = Release|Any CPU
		{F37C254F-F334-4280-BFE3-4C9156366068}.Release|x64.Build.0 = Release|Any CPU
		{F37C254F-F334-4280-BFE3-4C9156366068}.Release|x86.ActiveCfg = Release|Any CPU
		{F37C254F-F334-4280-BFE3-4C9156366068}.Release|x86.Build.0 = Release|Any CPU
		{F17573E0-ED7E-4DA9-8635-31793282FCCC}.Debug|Any CPU.ActiveCfg = Debug|Any CPU
		{F17573E0-ED7E-4DA9-8635-31793282FCCC}.Debug|Any CPU.Build.0 = Debug|Any CPU
		{F17573E0-ED7E-4DA9-8635-31793282FCCC}.Debug|x64.ActiveCfg = Debug|Any CPU
		{F17573E0-ED7E-4DA9-8635-31793282FCCC}.Debug|x64.Build.0 = Debug|Any CPU
		{F17573E0-ED7E-4DA9-8635-31793282FCCC}.Debug|x86.ActiveCfg = Debug|Any CPU
		{F17573E0-ED7E-4DA9-8635-31793282FCCC}.Debug|x86.Build.0 = Debug|Any CPU
		{F17573E0-ED7E-4DA9-8635-31793282FCCC}.Release|Any CPU.ActiveCfg = Release|Any CPU
		{F17573E0-ED7E-4DA9-8635-31793282FCCC}.Release|Any CPU.Build.0 = Release|Any CPU
		{F17573E0-ED7E-4DA9-8635-31793282FCCC}.Release|x64.ActiveCfg = Release|Any CPU
		{F17573E0-ED7E-4DA9-8635-31793282FCCC}.Release|x64.Build.0 = Release|Any CPU
		{F17573E0-ED7E-4DA9-8635-31793282FCCC}.Release|x86.ActiveCfg = Release|Any CPU
		{F17573E0-ED7E-4DA9-8635-31793282FCCC}.Release|x86.Build.0 = Release|Any CPU
		{1EA44163-DA76-480B-A99A-14B5CA3CBE92}.Debug|Any CPU.ActiveCfg = Debug|Any CPU
		{1EA44163-DA76-480B-A99A-14B5CA3CBE92}.Debug|Any CPU.Build.0 = Debug|Any CPU
		{1EA44163-DA76-480B-A99A-14B5CA3CBE92}.Debug|x64.ActiveCfg = Debug|Any CPU
		{1EA44163-DA76-480B-A99A-14B5CA3CBE92}.Debug|x64.Build.0 = Debug|Any CPU
		{1EA44163-DA76-480B-A99A-14B5CA3CBE92}.Debug|x86.ActiveCfg = Debug|Any CPU
		{1EA44163-DA76-480B-A99A-14B5CA3CBE92}.Debug|x86.Build.0 = Debug|Any CPU
		{1EA44163-DA76-480B-A99A-14B5CA3CBE92}.Release|Any CPU.ActiveCfg = Release|Any CPU
		{1EA44163-DA76-480B-A99A-14B5CA3CBE92}.Release|Any CPU.Build.0 = Release|Any CPU
		{1EA44163-DA76-480B-A99A-14B5CA3CBE92}.Release|x64.ActiveCfg = Release|Any CPU
		{1EA44163-DA76-480B-A99A-14B5CA3CBE92}.Release|x64.Build.0 = Release|Any CPU
		{1EA44163-DA76-480B-A99A-14B5CA3CBE92}.Release|x86.ActiveCfg = Release|Any CPU
		{1EA44163-DA76-480B-A99A-14B5CA3CBE92}.Release|x86.Build.0 = Release|Any CPU
		{8655889E-7878-4C38-B7C7-FFA1D6E2C34F}.Debug|Any CPU.ActiveCfg = Debug|Any CPU
		{8655889E-7878-4C38-B7C7-FFA1D6E2C34F}.Debug|Any CPU.Build.0 = Debug|Any CPU
		{8655889E-7878-4C38-B7C7-FFA1D6E2C34F}.Debug|x64.ActiveCfg = Debug|Any CPU
		{8655889E-7878-4C38-B7C7-FFA1D6E2C34F}.Debug|x64.Build.0 = Debug|Any CPU
		{8655889E-7878-4C38-B7C7-FFA1D6E2C34F}.Debug|x86.ActiveCfg = Debug|Any CPU
		{8655889E-7878-4C38-B7C7-FFA1D6E2C34F}.Debug|x86.Build.0 = Debug|Any CPU
		{8655889E-7878-4C38-B7C7-FFA1D6E2C34F}.Release|Any CPU.ActiveCfg = Release|Any CPU
		{8655889E-7878-4C38-B7C7-FFA1D6E2C34F}.Release|Any CPU.Build.0 = Release|Any CPU
		{8655889E-7878-4C38-B7C7-FFA1D6E2C34F}.Release|x64.ActiveCfg = Release|Any CPU
		{8655889E-7878-4C38-B7C7-FFA1D6E2C34F}.Release|x64.Build.0 = Release|Any CPU
		{8655889E-7878-4C38-B7C7-FFA1D6E2C34F}.Release|x86.ActiveCfg = Release|Any CPU
		{8655889E-7878-4C38-B7C7-FFA1D6E2C34F}.Release|x86.Build.0 = Release|Any CPU
		{050CE756-BF02-4C5C-9CC3-EFC90B6121C1}.Debug|Any CPU.ActiveCfg = Debug|Any CPU
		{050CE756-BF02-4C5C-9CC3-EFC90B6121C1}.Debug|Any CPU.Build.0 = Debug|Any CPU
		{050CE756-BF02-4C5C-9CC3-EFC90B6121C1}.Debug|x64.ActiveCfg = Debug|Any CPU
		{050CE756-BF02-4C5C-9CC3-EFC90B6121C1}.Debug|x64.Build.0 = Debug|Any CPU
		{050CE756-BF02-4C5C-9CC3-EFC90B6121C1}.Debug|x86.ActiveCfg = Debug|Any CPU
		{050CE756-BF02-4C5C-9CC3-EFC90B6121C1}.Debug|x86.Build.0 = Debug|Any CPU
		{050CE756-BF02-4C5C-9CC3-EFC90B6121C1}.Release|Any CPU.ActiveCfg = Release|Any CPU
		{050CE756-BF02-4C5C-9CC3-EFC90B6121C1}.Release|Any CPU.Build.0 = Release|Any CPU
		{050CE756-BF02-4C5C-9CC3-EFC90B6121C1}.Release|x64.ActiveCfg = Release|Any CPU
		{050CE756-BF02-4C5C-9CC3-EFC90B6121C1}.Release|x64.Build.0 = Release|Any CPU
		{050CE756-BF02-4C5C-9CC3-EFC90B6121C1}.Release|x86.ActiveCfg = Release|Any CPU
		{050CE756-BF02-4C5C-9CC3-EFC90B6121C1}.Release|x86.Build.0 = Release|Any CPU
		{DCEFD51A-84A0-495E-AEBA-0DAA1EA58257}.Debug|Any CPU.ActiveCfg = Debug|Any CPU
		{DCEFD51A-84A0-495E-AEBA-0DAA1EA58257}.Debug|Any CPU.Build.0 = Debug|Any CPU
		{DCEFD51A-84A0-495E-AEBA-0DAA1EA58257}.Debug|x64.ActiveCfg = Debug|Any CPU
		{DCEFD51A-84A0-495E-AEBA-0DAA1EA58257}.Debug|x64.Build.0 = Debug|Any CPU
		{DCEFD51A-84A0-495E-AEBA-0DAA1EA58257}.Debug|x86.ActiveCfg = Debug|Any CPU
		{DCEFD51A-84A0-495E-AEBA-0DAA1EA58257}.Debug|x86.Build.0 = Debug|Any CPU
		{DCEFD51A-84A0-495E-AEBA-0DAA1EA58257}.Release|Any CPU.ActiveCfg = Release|Any CPU
		{DCEFD51A-84A0-495E-AEBA-0DAA1EA58257}.Release|Any CPU.Build.0 = Release|Any CPU
		{DCEFD51A-84A0-495E-AEBA-0DAA1EA58257}.Release|x64.ActiveCfg = Release|Any CPU
		{DCEFD51A-84A0-495E-AEBA-0DAA1EA58257}.Release|x64.Build.0 = Release|Any CPU
		{DCEFD51A-84A0-495E-AEBA-0DAA1EA58257}.Release|x86.ActiveCfg = Release|Any CPU
		{DCEFD51A-84A0-495E-AEBA-0DAA1EA58257}.Release|x86.Build.0 = Release|Any CPU
		{860D650C-5779-407B-8D8F-132C83B5C5D1}.Debug|Any CPU.ActiveCfg = Debug|Any CPU
		{860D650C-5779-407B-8D8F-132C83B5C5D1}.Debug|Any CPU.Build.0 = Debug|Any CPU
		{860D650C-5779-407B-8D8F-132C83B5C5D1}.Debug|x64.ActiveCfg = Debug|Any CPU
		{860D650C-5779-407B-8D8F-132C83B5C5D1}.Debug|x64.Build.0 = Debug|Any CPU
		{860D650C-5779-407B-8D8F-132C83B5C5D1}.Debug|x86.ActiveCfg = Debug|Any CPU
		{860D650C-5779-407B-8D8F-132C83B5C5D1}.Debug|x86.Build.0 = Debug|Any CPU
		{860D650C-5779-407B-8D8F-132C83B5C5D1}.Release|Any CPU.ActiveCfg = Release|Any CPU
		{860D650C-5779-407B-8D8F-132C83B5C5D1}.Release|Any CPU.Build.0 = Release|Any CPU
		{860D650C-5779-407B-8D8F-132C83B5C5D1}.Release|x64.ActiveCfg = Release|Any CPU
		{860D650C-5779-407B-8D8F-132C83B5C5D1}.Release|x64.Build.0 = Release|Any CPU
		{860D650C-5779-407B-8D8F-132C83B5C5D1}.Release|x86.ActiveCfg = Release|Any CPU
		{860D650C-5779-407B-8D8F-132C83B5C5D1}.Release|x86.Build.0 = Release|Any CPU
	EndGlobalSection
	GlobalSection(SolutionProperties) = preSolution
		HideSolutionNode = FALSE
	EndGlobalSection
	GlobalSection(ExtensibilityGlobals) = postSolution
		SolutionGuid = {4DE76856-C3D4-4C09-8620-DF309EF0B032}
	EndGlobalSection
EndGlobal
