
Microsoft Visual Studio Solution File, Format Version 12.00
# Visual Studio Version 16
VisualStudioVersion = 16.0.29009.5
MinimumVisualStudioVersion = 10.0.40219.1
Project("{FAE04EC0-301F-11D3-BF4B-00C04F79EFBC}") = "CefSharpWinform", "CefSharpWinform.csproj", "{BCACC295-0514-4B48-A083-F88E96555C25}"
EndProject
Global
	GlobalSection(SolutionConfigurationPlatforms) = preSolution
		Debug|Any CPU = Debug|Any CPU
		Debug|x64 = Debug|x64
		Debug|x86 = Debug|x86
		Release|Any CPU = Release|Any CPU
		Release|x64 = Release|x64
		Release|x86 = Release|x86
	EndGlobalSection
	GlobalSection(ProjectConfigurationPlatforms) = postSolution
		{BCACC295-0514-4B48-A083-F88E96555C25}.Debug|Any CPU.ActiveCfg = Debug|x64
		{BCACC295-0514-4B48-A083-F88E96555C25}.Debug|Any CPU.Build.0 = Debug|x64
		{BCACC295-0514-4B48-A083-F88E96555C25}.Debug|x64.ActiveCfg = Debug|x64
		{BCACC295-0514-4B48-A083-F88E96555C25}.Debug|x64.Build.0 = Debug|x64
		{BCACC295-0514-4B48-A083-F88E96555C25}.Debug|x86.ActiveCfg = Debug|x86
		{BCACC295-0514-4B48-A083-F88E96555C25}.Debug|x86.Build.0 = Debug|x86
		{BCACC295-0514-4B48-A083-F88E96555C25}.Release|Any CPU.ActiveCfg = Release|Any CPU
		{BCACC295-0514-4B48-A083-F88E96555C25}.Release|Any CPU.Build.0 = Release|Any CPU
		{BCACC295-0514-4B48-A083-F88E96555C25}.Release|x64.ActiveCfg = Release|x64
		{BCACC295-0514-4B48-A083-F88E96555C25}.Release|x64.Build.0 = Release|x64
		{BCACC295-0514-4B48-A083-F88E96555C25}.Release|x86.ActiveCfg = Release|x86
		{BCACC295-0514-4B48-A083-F88E96555C25}.Release|x86.Build.0 = Release|x86
	EndGlobalSection
	GlobalSection(SolutionProperties) = preSolution
		HideSolutionNode = FALSE
	EndGlobalSection
	GlobalSection(ExtensibilityGlobals) = postSolution
		SolutionGuid = {72F749A4-D6AA-4087-8022-DB0EB55A9211}
	EndGlobalSection
EndGlobal
