
Microsoft Visual Studio Solution File, Format Version 12.00
# Visual Studio Version 16
VisualStudioVersion = 16.0.29009.5
MinimumVisualStudioVersion = 10.0.40219.1
Project("{8BC9CEB8-8B4A-11D0-8D11-00A0C91BC942}") = "1st", "CPP_2020.vcxproj", "{283D0DA1-61BF-4064-A10C-CF782FC1BDFD}"
EndProject
Project("{8BC9CEB8-8B4A-11D0-8D11-00A0C91BC942}") = "2nd_Array", "..\2nd_Array\2nd_Array.vcxproj", "{EDA79C8A-A0D8-4449-B2E9-873811BA9832}"
EndProject
Project("{8BC9CEB8-8B4A-11D0-8D11-00A0C91BC942}") = "Pointers", "..\Pointers\Pointers.vcxproj", "{CC193D1E-7C9A-45F5-9777-0D3C48B71BF7}"
EndProject
Project("{8BC9CEB8-8B4A-11D0-8D11-00A0C91BC942}") = "Multi-threaded", "..\Multi-threaded\Multi-threaded.vcxproj", "{39FED72C-3783-4C12-B6B6-CDCC8A6365A2}"
EndProject
Project("{8BC9CEB8-8B4A-11D0-8D11-00A0C91BC942}") = "ThreadPool", "..\ThreadPool\ThreadPool.vcxproj", "{C11137D9-E6BE-4EE8-B874-C890D84285A6}"
EndProject
Project("{8BC9CEB8-8B4A-11D0-8D11-00A0C91BC942}") = "Move", "..\Move\Move.vcxproj", "{6944FB7B-8902-4846-A618-29BED17F3D4F}"
EndProject
Project("{8BC9CEB8-8B4A-11D0-8D11-00A0C91BC942}") = "CPP11_std_thread", "..\CPP11_std_thread\CPP11_std_thread.vcxproj", "{E053BDC4-8C14-416C-A0D3-5EBC41711076}"
EndProject
Project("{8BC9CEB8-8B4A-11D0-8D11-00A0C91BC942}") = "Mutex_Semaphore_CriticalSection", "..\Mutex_Semaphore_CriticalSection\Mutex_Semaphore_CriticalSection.vcxproj", "{5C9DCADF-8F2F-4E30-8DD8-7E704412BCEC}"
EndProject
Project("{8BC9CEB8-8B4A-11D0-8D11-00A0C91BC942}") = "CallConversion", "..\CallConversion\CallConversion.vcxproj", "{E49767C6-69C6-48A5-95BB-8BC4F8D0386A}"
EndProject
Project("{8BC9CEB8-8B4A-11D0-8D11-00A0C91BC942}") = "Function_Object", "..\Function_Object\Function_Object.vcxproj", "{1EE8CF0E-135C-4A25-BAF6-5E0668D80EBC}"
EndProject
Project("{8BC9CEB8-8B4A-11D0-8D11-00A0C91BC942}") = "Loopers_Dispatcher", "..\Loopers_Dispatcher\Loopers_Dispatcher.vcxproj", "{5DE11843-C8ED-46D0-817D-9732473272EB}"
EndProject
Global
	GlobalSection(SolutionConfigurationPlatforms) = preSolution
		Debug|x64 = Debug|x64
		Debug|x86 = Debug|x86
		Release|x64 = Release|x64
		Release|x86 = Release|x86
	EndGlobalSection
	GlobalSection(ProjectConfigurationPlatforms) = postSolution
		{283D0DA1-61BF-4064-A10C-CF782FC1BDFD}.Debug|x64.ActiveCfg = Debug|x64
		{283D0DA1-61BF-4064-A10C-CF782FC1BDFD}.Debug|x64.Build.0 = Debug|x64
		{283D0DA1-61BF-4064-A10C-CF782FC1BDFD}.Debug|x86.ActiveCfg = Debug|Win32
		{283D0DA1-61BF-4064-A10C-CF782FC1BDFD}.Debug|x86.Build.0 = Debug|Win32
		{283D0DA1-61BF-4064-A10C-CF782FC1BDFD}.Release|x64.ActiveCfg = Release|x64
		{283D0DA1-61BF-4064-A10C-CF782FC1BDFD}.Release|x64.Build.0 = Release|x64
		{283D0DA1-61BF-4064-A10C-CF782FC1BDFD}.Release|x86.ActiveCfg = Release|Win32
		{283D0DA1-61BF-4064-A10C-CF782FC1BDFD}.Release|x86.Build.0 = Release|Win32
		{EDA79C8A-A0D8-4449-B2E9-873811BA9832}.Debug|x64.ActiveCfg = Debug|x64
		{EDA79C8A-A0D8-4449-B2E9-873811BA9832}.Debug|x64.Build.0 = Debug|x64
		{EDA79C8A-A0D8-4449-B2E9-873811BA9832}.Debug|x86.ActiveCfg = Debug|Win32
		{EDA79C8A-A0D8-4449-B2E9-873811BA9832}.Debug|x86.Build.0 = Debug|Win32
		{EDA79C8A-A0D8-4449-B2E9-873811BA9832}.Release|x64.ActiveCfg = Release|x64
		{EDA79C8A-A0D8-4449-B2E9-873811BA9832}.Release|x64.Build.0 = Release|x64
		{EDA79C8A-A0D8-4449-B2E9-873811BA9832}.Release|x86.ActiveCfg = Release|Win32
		{EDA79C8A-A0D8-4449-B2E9-873811BA9832}.Release|x86.Build.0 = Release|Win32
		{CC193D1E-7C9A-45F5-9777-0D3C48B71BF7}.Debug|x64.ActiveCfg = Debug|x64
		{CC193D1E-7C9A-45F5-9777-0D3C48B71BF7}.Debug|x64.Build.0 = Debug|x64
		{CC193D1E-7C9A-45F5-9777-0D3C48B71BF7}.Debug|x86.ActiveCfg = Debug|Win32
		{CC193D1E-7C9A-45F5-9777-0D3C48B71BF7}.Debug|x86.Build.0 = Debug|Win32
		{CC193D1E-7C9A-45F5-9777-0D3C48B71BF7}.Release|x64.ActiveCfg = Release|x64
		{CC193D1E-7C9A-45F5-9777-0D3C48B71BF7}.Release|x64.Build.0 = Release|x64
		{CC193D1E-7C9A-45F5-9777-0D3C48B71BF7}.Release|x86.ActiveCfg = Release|Win32
		{CC193D1E-7C9A-45F5-9777-0D3C48B71BF7}.Release|x86.Build.0 = Release|Win32
		{39FED72C-3783-4C12-B6B6-CDCC8A6365A2}.Debug|x64.ActiveCfg = Debug|x64
		{39FED72C-3783-4C12-B6B6-CDCC8A6365A2}.Debug|x64.Build.0 = Debug|x64
		{39FED72C-3783-4C12-B6B6-CDCC8A6365A2}.Debug|x86.ActiveCfg = Debug|Win32
		{39FED72C-3783-4C12-B6B6-CDCC8A6365A2}.Debug|x86.Build.0 = Debug|Win32
		{39FED72C-3783-4C12-B6B6-CDCC8A6365A2}.Release|x64.ActiveCfg = Release|x64
		{39FED72C-3783-4C12-B6B6-CDCC8A6365A2}.Release|x64.Build.0 = Release|x64
		{39FED72C-3783-4C12-B6B6-CDCC8A6365A2}.Release|x86.ActiveCfg = Release|Win32
		{39FED72C-3783-4C12-B6B6-CDCC8A6365A2}.Release|x86.Build.0 = Release|Win32
		{C11137D9-E6BE-4EE8-B874-C890D84285A6}.Debug|x64.ActiveCfg = Debug|x64
		{C11137D9-E6BE-4EE8-B874-C890D84285A6}.Debug|x64.Build.0 = Debug|x64
		{C11137D9-E6BE-4EE8-B874-C890D84285A6}.Debug|x86.ActiveCfg = Debug|Win32
		{C11137D9-E6BE-4EE8-B874-C890D84285A6}.Debug|x86.Build.0 = Debug|Win32
		{C11137D9-E6BE-4EE8-B874-C890D84285A6}.Release|x64.ActiveCfg = Release|x64
		{C11137D9-E6BE-4EE8-B874-C890D84285A6}.Release|x64.Build.0 = Release|x64
		{C11137D9-E6BE-4EE8-B874-C890D84285A6}.Release|x86.ActiveCfg = Release|Win32
		{C11137D9-E6BE-4EE8-B874-C890D84285A6}.Release|x86.Build.0 = Release|Win32
		{6944FB7B-8902-4846-A618-29BED17F3D4F}.Debug|x64.ActiveCfg = Debug|x64
		{6944FB7B-8902-4846-A618-29BED17F3D4F}.Debug|x64.Build.0 = Debug|x64
		{6944FB7B-8902-4846-A618-29BED17F3D4F}.Debug|x86.ActiveCfg = Debug|Win32
		{6944FB7B-8902-4846-A618-29BED17F3D4F}.Debug|x86.Build.0 = Debug|Win32
		{6944FB7B-8902-4846-A618-29BED17F3D4F}.Release|x64.ActiveCfg = Release|x64
		{6944FB7B-8902-4846-A618-29BED17F3D4F}.Release|x64.Build.0 = Release|x64
		{6944FB7B-8902-4846-A618-29BED17F3D4F}.Release|x86.ActiveCfg = Release|Win32
		{6944FB7B-8902-4846-A618-29BED17F3D4F}.Release|x86.Build.0 = Release|Win32
		{E053BDC4-8C14-416C-A0D3-5EBC41711076}.Debug|x64.ActiveCfg = Debug|x64
		{E053BDC4-8C14-416C-A0D3-5EBC41711076}.Debug|x64.Build.0 = Debug|x64
		{E053BDC4-8C14-416C-A0D3-5EBC41711076}.Debug|x86.ActiveCfg = Debug|Win32
		{E053BDC4-8C14-416C-A0D3-5EBC41711076}.Debug|x86.Build.0 = Debug|Win32
		{E053BDC4-8C14-416C-A0D3-5EBC41711076}.Release|x64.ActiveCfg = Release|x64
		{E053BDC4-8C14-416C-A0D3-5EBC41711076}.Release|x64.Build.0 = Release|x64
		{E053BDC4-8C14-416C-A0D3-5EBC41711076}.Release|x86.ActiveCfg = Release|Win32
		{E053BDC4-8C14-416C-A0D3-5EBC41711076}.Release|x86.Build.0 = Release|Win32
		{5C9DCADF-8F2F-4E30-8DD8-7E704412BCEC}.Debug|x64.ActiveCfg = Debug|x64
		{5C9DCADF-8F2F-4E30-8DD8-7E704412BCEC}.Debug|x64.Build.0 = Debug|x64
		{5C9DCADF-8F2F-4E30-8DD8-7E704412BCEC}.Debug|x86.ActiveCfg = Debug|Win32
		{5C9DCADF-8F2F-4E30-8DD8-7E704412BCEC}.Debug|x86.Build.0 = Debug|Win32
		{5C9DCADF-8F2F-4E30-8DD8-7E704412BCEC}.Release|x64.ActiveCfg = Release|x64
		{5C9DCADF-8F2F-4E30-8DD8-7E704412BCEC}.Release|x64.Build.0 = Release|x64
		{5C9DCADF-8F2F-4E30-8DD8-7E704412BCEC}.Release|x86.ActiveCfg = Release|Win32
		{5C9DCADF-8F2F-4E30-8DD8-7E704412BCEC}.Release|x86.Build.0 = Release|Win32
		{E49767C6-69C6-48A5-95BB-8BC4F8D0386A}.Debug|x64.ActiveCfg = Debug|x64
		{E49767C6-69C6-48A5-95BB-8BC4F8D0386A}.Debug|x64.Build.0 = Debug|x64
		{E49767C6-69C6-48A5-95BB-8BC4F8D0386A}.Debug|x86.ActiveCfg = Debug|Win32
		{E49767C6-69C6-48A5-95BB-8BC4F8D0386A}.Debug|x86.Build.0 = Debug|Win32
		{E49767C6-69C6-48A5-95BB-8BC4F8D0386A}.Release|x64.ActiveCfg = Release|x64
		{E49767C6-69C6-48A5-95BB-8BC4F8D0386A}.Release|x64.Build.0 = Release|x64
		{E49767C6-69C6-48A5-95BB-8BC4F8D0386A}.Release|x86.ActiveCfg = Release|Win32
		{E49767C6-69C6-48A5-95BB-8BC4F8D0386A}.Release|x86.Build.0 = Release|Win32
		{1EE8CF0E-135C-4A25-BAF6-5E0668D80EBC}.Debug|x64.ActiveCfg = Debug|x64
		{1EE8CF0E-135C-4A25-BAF6-5E0668D80EBC}.Debug|x64.Build.0 = Debug|x64
		{1EE8CF0E-135C-4A25-BAF6-5E0668D80EBC}.Debug|x86.ActiveCfg = Debug|Win32
		{1EE8CF0E-135C-4A25-BAF6-5E0668D80EBC}.Debug|x86.Build.0 = Debug|Win32
		{1EE8CF0E-135C-4A25-BAF6-5E0668D80EBC}.Release|x64.ActiveCfg = Release|x64
		{1EE8CF0E-135C-4A25-BAF6-5E0668D80EBC}.Release|x64.Build.0 = Release|x64
		{1EE8CF0E-135C-4A25-BAF6-5E0668D80EBC}.Release|x86.ActiveCfg = Release|Win32
		{1EE8CF0E-135C-4A25-BAF6-5E0668D80EBC}.Release|x86.Build.0 = Release|Win32
		{5DE11843-C8ED-46D0-817D-9732473272EB}.Debug|x64.ActiveCfg = Debug|x64
		{5DE11843-C8ED-46D0-817D-9732473272EB}.Debug|x64.Build.0 = Debug|x64
		{5DE11843-C8ED-46D0-817D-9732473272EB}.Debug|x86.ActiveCfg = Debug|Win32
		{5DE11843-C8ED-46D0-817D-9732473272EB}.Debug|x86.Build.0 = Debug|Win32
		{5DE11843-C8ED-46D0-817D-9732473272EB}.Release|x64.ActiveCfg = Release|x64
		{5DE11843-C8ED-46D0-817D-9732473272EB}.Release|x64.Build.0 = Release|x64
		{5DE11843-C8ED-46D0-817D-9732473272EB}.Release|x86.ActiveCfg = Release|Win32
		{5DE11843-C8ED-46D0-817D-9732473272EB}.Release|x86.Build.0 = Release|Win32
	EndGlobalSection
	GlobalSection(SolutionProperties) = preSolution
		HideSolutionNode = FALSE
	EndGlobalSection
	GlobalSection(ExtensibilityGlobals) = postSolution
		SolutionGuid = {1BDD555F-2767-41D6-AB13-8F4699B2EC0C}
	EndGlobalSection
EndGlobal
